// !$*UTF8*$!
{
	archiveVersion = 1;
	classes = {
	};
	objectVersion = 50;
	objects = {

/* Begin PBXBuildFile section */
		69A80CD124C80CEE00EECF97 /* AppDelegate.swift in Sources */ = {isa = PBXBuildFile; fileRef = 69A80CD024C80CEE00EECF97 /* AppDelegate.swift */; };
		69A80CD324C80CEE00EECF97 /* SceneDelegate.swift in Sources */ = {isa = PBXBuildFile; fileRef = 69A80CD224C80CEE00EECF97 /* SceneDelegate.swift */; };
		69A80CD524C80CEE00EECF97 /* ViewController.swift in Sources */ = {isa = PBXBuildFile; fileRef = 69A80CD424C80CEE00EECF97 /* ViewController.swift */; };
		69A80CD824C80CEE00EECF97 /* Main.storyboard in Resources */ = {isa = PBXBuildFile; fileRef = 69A80CD624C80CEE00EECF97 /* Main.storyboard */; };
		69A80CDA24C80CEF00EECF97 /* Assets.xcassets in Resources */ = {isa = PBXBuildFile; fileRef = 69A80CD924C80CEF00EECF97 /* Assets.xcassets */; };
		69A80CDD24C80CEF00EECF97 /* LaunchScreen.storyboard in Resources */ = {isa = PBXBuildFile; fileRef = 69A80CDB24C80CEF00EECF97 /* LaunchScreen.storyboard */; };
		69A80CE824C80CEF00EECF97 /* tipperTests.swift in Sources */ = {isa = PBXBuildFile; fileRef = 69A80CE724C80CEF00EECF97 /* tipperTests.swift */; };
		69A80CF324C80CEF00EECF97 /* tipperUITests.swift in Sources */ = {isa = PBXBuildFile; fileRef = 69A80CF224C80CEF00EECF97 /* tipperUITests.swift */; };
/* End PBXBuildFile section */

/* Begin PBXContainerItemProxy section */
		69A80CE424C80CEF00EECF97 /* PBXContainerItemProxy */ = {
			isa = PBXContainerItemProxy;
			containerPortal = 69A80CC524C80CEE00EECF97 /* Project object */;
			proxyType = 1;
			remoteGlobalIDString = 69A80CCC24C80CEE00EECF97;
			remoteInfo = tipper;
		};
		69A80CEF24C80CEF00EECF97 /* PBXContainerItemProxy */ = {
			isa = PBXContainerItemProxy;
			containerPortal = 69A80CC524C80CEE00EECF97 /* Project object */;
			proxyType = 1;
			remoteGlobalIDString = 69A80CCC24C80CEE00EECF97;
			remoteInfo = tipper;
		};
/* End PBXContainerItemProxy section */

/* Begin PBXFileReference section */
		69A80CCD24C80CEE00EECF97 /* tipper.app */ = {isa = PBXFileReference; explicitFileType = wrapper.application; includeInIndex = 0; path = tipper.app; sourceTree = BUILT_PRODUCTS_DIR; };
		69A80CD024C80CEE00EECF97 /* AppDelegate.swift */ = {isa = PBXFileReference; lastKnownFileType = sourcecode.swift; path = AppDelegate.swift; sourceTree = "<group>"; };
		69A80CD224C80CEE00EECF97 /* SceneDelegate.swift */ = {isa = PBXFileReference; lastKnownFileType = sourcecode.swift; path = SceneDelegate.swift; sourceTree = "<group>"; };
		69A80CD424C80CEE00EECF97 /* ViewController.swift */ = {isa = PBXFileReference; lastKnownFileType = sourcecode.swift; path = ViewController.swift; sourceTree = "<group>"; };
		69A80CD724C80CEE00EECF97 /* Base */ = {isa = PBXFileReference; lastKnownFileType = file.storyboard; name = Base; path = Base.lproj/Main.storyboard; sourceTree = "<group>"; };
		69A80CD924C80CEF00EECF97 /* Assets.xcassets */ = {isa = PBXFileReference; lastKnownFileType = folder.assetcatalog; path = Assets.xcassets; sourceTree = "<group>"; };
		69A80CDC24C80CEF00EECF97 /* Base */ = {isa = PBXFileReference; lastKnownFileType = file.storyboard; name = Base; path = Base.lproj/LaunchScreen.storyboard; sourceTree = "<group>"; };
		69A80CDE24C80CEF00EECF97 /* Info.plist */ = {isa = PBXFileReference; lastKnownFileType = text.plist.xml; path = Info.plist; sourceTree = "<group>"; };
		69A80CE324C80CEF00EECF97 /* tipperTests.xctest */ = {isa = PBXFileReference; explicitFileType = wrapper.cfbundle; includeInIndex = 0; path = tipperTests.xctest; sourceTree = BUILT_PRODUCTS_DIR; };
		69A80CE724C80CEF00EECF97 /* tipperTests.swift */ = {isa = PBXFileReference; lastKnownFileType = sourcecode.swift; path = tipperTests.swift; sourceTree = "<group>"; };
		69A80CE924C80CEF00EECF97 /* Info.plist */ = {isa = PBXFileReference; lastKnownFileType = text.plist.xml; path = Info.plist; sourceTree = "<group>"; };
		69A80CEE24C80CEF00EECF97 /* tipperUITests.xctest */ = {isa = PBXFileReference; explicitFileType = wrapper.cfbundle; includeInIndex = 0; path = tipperUITests.xctest; sourceTree = BUILT_PRODUCTS_DIR; };
		69A80CF224C80CEF00EECF97 /* tipperUITests.swift */ = {isa = PBXFileReference; lastKnownFileType = sourcecode.swift; path = tipperUITests.swift; sourceTree = "<group>"; };
		69A80CF424C80CEF00EECF97 /* Info.plist */ = {isa = PBXFileReference; lastKnownFileType = text.plist.xml; path = Info.plist; sourceTree = "<group>"; };
/* End PBXFileReference section */

/* Begin PBXFrameworksBuildPhase section */
		69A80CCA24C80CEE00EECF97 /* Frameworks */ = {
			isa = PBXFrameworksBuildPhase;
			buildActionMask = 2147483647;
			files = (
			);
			runOnlyForDeploymentPostprocessing = 0;
		};
		69A80CE024C80CEF00EECF97 /* Frameworks */ = {
			isa = PBXFrameworksBuildPhase;
			buildActionMask = 2147483647;
			files = (
			);
			runOnlyForDeploymentPostprocessing = 0;
		};
		69A80CEB24C80CEF00EECF97 /* Frameworks */ = {
			isa = PBXFrameworksBuildPhase;
			buildActionMask = 2147483647;
			files = (
			);
			runOnlyForDeploymentPostprocessing = 0;
		};
/* End PBXFrameworksBuildPhase section */

/* Begin PBXGroup section */
		69A80CC424C80CEE00EECF97 = {
			isa = PBXGroup;
			children = (
				69A80CCF24C80CEE00EECF97 /* tipper */,
				69A80CE624C80CEF00EECF97 /* tipperTests */,
				69A80CF124C80CEF00EECF97 /* tipperUITests */,
				69A80CCE24C80CEE00EECF97 /* Products */,
			);
			sourceTree = "<group>";
		};
		69A80CCE24C80CEE00EECF97 /* Products */ = {
			isa = PBXGroup;
			children = (
				69A80CCD24C80CEE00EECF97 /* tipper.app */,
				69A80CE324C80CEF00EECF97 /* tipperTests.xctest */,
				69A80CEE24C80CEF00EECF97 /* tipperUITests.xctest */,
			);
			name = Products;
			sourceTree = "<group>";
		};
		69A80CCF24C80CEE00EECF97 /* tipper */ = {
			isa = PBXGroup;
			children = (
				69A80CD024C80CEE00EECF97 /* AppDelegate.swift */,
				69A80CD224C80CEE00EECF97 /* SceneDelegate.swift */,
				69A80CD424C80CEE00EECF97 /* ViewController.swift */,
				69A80CD624C80CEE00EECF97 /* Main.storyboard */,
				69A80CD924C80CEF00EECF97 /* Assets.xcassets */,
				69A80CDB24C80CEF00EECF97 /* LaunchScreen.storyboard */,
				69A80CDE24C80CEF00EECF97 /* Info.plist */,
			);
			path = tipper;
			sourceTree = "<group>";
		};
		69A80CE624C80CEF00EECF97 /* tipperTests */ = {
			isa = PBXGroup;
			children = (
				69A80CE724C80CEF00EECF97 /* tipperTests.swift */,
				69A80CE924C80CEF00EECF97 /* Info.plist */,
			);
			path = tipperTests;
			sourceTree = "<group>";
		};
		69A80CF124C80CEF00EECF97 /* tipperUITests */ = {
			isa = PBXGroup;
			children = (
				69A80CF224C80CEF00EECF97 /* tipperUITests.swift */,
				69A80CF424C80CEF00EECF97 /* Info.plist */,
			);
			path = tipperUITests;
			sourceTree = "<group>";
		};
/* End PBXGroup section */

/* Begin PBXNativeTarget section */
		69A80CCC24C80CEE00EECF97 /* tipper */ = {
			isa = PBXNativeTarget;
			buildConfigurationList = 69A80CF724C80CEF00EECF97 /* Build configuration list for PBXNativeTarget "tipper" */;
			buildPhases = (
				69A80CC924C80CEE00EECF97 /* Sources */,
				69A80CCA24C80CEE00EECF97 /* Frameworks */,
				69A80CCB24C80CEE00EECF97 /* Resources */,
			);
			buildRules = (
			);
			dependencies = (
			);
			name = tipper;
			productName = tipper;
			productReference = 69A80CCD24C80CEE00EECF97 /* tipper.app */;
			productType = "com.apple.product-type.application";
		};
		69A80CE224C80CEF00EECF97 /* tipperTests */ = {
			isa = PBXNativeTarget;
			buildConfigurationList = 69A80CFA24C80CEF00EECF97 /* Build configuration list for PBXNativeTarget "tipperTests" */;
			buildPhases = (
				69A80CDF24C80CEF00EECF97 /* Sources */,
				69A80CE024C80CEF00EECF97 /* Frameworks */,
				69A80CE124C80CEF00EECF97 /* Resources */,
			);
			buildRules = (
			);
			dependencies = (
				69A80CE524C80CEF00EECF97 /* PBXTargetDependency */,
			);
			name = tipperTests;
			productName = tipperTests;
			productReference = 69A80CE324C80CEF00EECF97 /* tipperTests.xctest */;
			productType = "com.apple.product-type.bundle.unit-test";
		};
		69A80CED24C80CEF00EECF97 /* tipperUITests */ = {
			isa = PBXNativeTarget;
			buildConfigurationList = 69A80CFD24C80CEF00EECF97 /* Build configuration list for PBXNativeTarget "tipperUITests" */;
			buildPhases = (
				69A80CEA24C80CEF00EECF97 /* Sources */,
				69A80CEB24C80CEF00EECF97 /* Frameworks */,
				69A80CEC24C80CEF00EECF97 /* Resources */,
			);
			buildRules = (
			);
			dependencies = (
				69A80CF024C80CEF00EECF97 /* PBXTargetDependency */,
			);
			name = tipperUITests;
			productName = tipperUITests;
			productReference = 69A80CEE24C80CEF00EECF97 /* tipperUITests.xctest */;
			productType = "com.apple.product-type.bundle.ui-testing";
		};
/* End PBXNativeTarget section */

/* Begin PBXProject section */
		69A80CC524C80CEE00EECF97 /* Project object */ = {
			isa = PBXProject;
			attributes = {
				LastSwiftUpdateCheck = 1160;
				LastUpgradeCheck = 1160;
				ORGANIZATIONNAME = Codepath;
				TargetAttributes = {
					69A80CCC24C80CEE00EECF97 = {
						CreatedOnToolsVersion = 11.6;
					};
					69A80CE224C80CEF00EECF97 = {
						CreatedOnToolsVersion = 11.6;
						TestTargetID = 69A80CCC24C80CEE00EECF97;
					};
					69A80CED24C80CEF00EECF97 = {
						CreatedOnToolsVersion = 11.6;
						TestTargetID = 69A80CCC24C80CEE00EECF97;
					};
				};
			};
			buildConfigurationList = 69A80CC824C80CEE00EECF97 /* Build configuration list for PBXProject "tipper" */;
			compatibilityVersion = "Xcode 9.3";
			developmentRegion = en;
			hasScannedForEncodings = 0;
			knownRegions = (
				en,
				Base,
			);
			mainGroup = 69A80CC424C80CEE00EECF97;
			productRefGroup = 69A80CCE24C80CEE00EECF97 /* Products */;
			projectDirPath = "";
			projectRoot = "";
			targets = (
				69A80CCC24C80CEE00EECF97 /* tipper */,
				69A80CE224C80CEF00EECF97 /* tipperTests */,
				69A80CED24C80CEF00EECF97 /* tipperUITests */,
			);
		};
/* End PBXProject section */

/* Begin PBXResourcesBuildPhase section */
		69A80CCB24C80CEE00EECF97 /* Resources */ = {
			isa = PBXResourcesBuildPhase;
			buildActionMask = 2147483647;
			files = (
				69A80CDD24C80CEF00EECF97 /* LaunchScreen.storyboard in Resources */,
				69A80CDA24C80CEF00EECF97 /* Assets.xcassets in Resources */,
				69A80CD824C80CEE00EECF97 /* Main.storyboard in Resources */,
			);
			runOnlyForDeploymentPostprocessing = 0;
		};
		69A80CE124C80CEF00EECF97 /* Resources */ = {
			isa = PBXResourcesBuildPhase;
			buildActionMask = 2147483647;
			files = (
			);
			runOnlyForDeploymentPostprocessing = 0;
		};
		69A80CEC24C80CEF00EECF97 /* Resources */ = {
			isa = PBXResourcesBuildPhase;
			buildActionMask = 2147483647;
			files = (
			);
			runOnlyForDeploymentPostprocessing = 0;
		};
/* End PBXResourcesBuildPhase section */

/* Begin PBXSourcesBuildPhase section */
		69A80CC924C80CEE00EECF97 /* Sources */ = {
			isa = PBXSourcesBuildPhase;
			buildActionMask = 2147483647;
			files = (
				69A80CD524C80CEE00EECF97 /* ViewController.swift in Sources */,
				69A80CD124C80CEE00EECF97 /* AppDelegate.swift in Sources */,
				69A80CD324C80CEE00EECF97 /* SceneDelegate.swift in Sources */,
			);
			runOnlyForDeploymentPostprocessing = 0;
		};
		69A80CDF24C80CEF00EECF97 /* Sources */ = {
			isa = PBXSourcesBuildPhase;
			buildActionMask = 2147483647;
			files = (
				69A80CE824C80CEF00EECF97 /* tipperTests.swift in Sources */,
			);
			runOnlyForDeploymentPostprocessing = 0;
		};
		69A80CEA24C80CEF00EECF97 /* Sources */ = {
			isa = PBXSourcesBuildPhase;
			buildActionMask = 2147483647;
			files = (
				69A80CF324C80CEF00EECF97 /* tipperUITests.swift in Sources */,
			);
			runOnlyForDeploymentPostprocessing = 0;
		};
/* End PBXSourcesBuildPhase section */

/* Begin PBXTargetDependency section */
		69A80CE524C80CEF00EECF97 /* PBXTargetDependency */ = {
			isa = PBXTargetDependency;
			target = 69A80CCC24C80CEE00EECF97 /* tipper */;
			targetProxy = 69A80CE424C80CEF00EECF97 /* PBXContainerItemProxy */;
		};
		69A80CF024C80CEF00EECF97 /* PBXTargetDependency */ = {
			isa = PBXTargetDependency;
			target = 69A80CCC24C80CEE00EECF97 /* tipper */;
			targetProxy = 69A80CEF24C80CEF00EECF97 /* PBXContainerItemProxy */;
		};
/* End PBXTargetDependency section */

/* Begin PBXVariantGroup section */
		69A80CD624C80CEE00EECF97 /* Main.storyboard */ = {
			isa = PBXVariantGroup;
			children = (
				69A80CD724C80CEE00EECF97 /* Base */,
			);
			name = Main.storyboard;
			sourceTree = "<group>";
		};
		69A80CDB24C80CEF00EECF97 /* LaunchScreen.storyboard */ = {
			isa = PBXVariantGroup;
			children = (
				69A80CDC24C80CEF00EECF97 /* Base */,
			);
			name = LaunchScreen.storyboard;
			sourceTree = "<group>";
		};
/* End PBXVariantGroup section */

/* Begin XCBuildConfiguration section */
		69A80CF524C80CEF00EECF97 /* Debug */ = {
			isa = XCBuildConfiguration;
			buildSettings = {
				ALWAYS_SEARCH_USER_PATHS = NO;
				CLANG_ANALYZER_NONNULL = YES;
				CLANG_ANALYZER_NUMBER_OBJECT_CONVERSION = YES_AGGRESSIVE;
				CLANG_CXX_LANGUAGE_STANDARD = "gnu++14";
				CLANG_CXX_LIBRARY = "libc++";
				CLANG_ENABLE_MODULES = YES;
				CLANG_ENABLE_OBJC_ARC = YES;
				CLANG_ENABLE_OBJC_WEAK = YES;
				CLANG_WARN_BLOCK_CAPTURE_AUTORELEASING = YES;
				CLANG_WARN_BOOL_CONVERSION = YES;
				CLANG_WARN_COMMA = YES;
				CLANG_WARN_CONSTANT_CONVERSION = YES;
				CLANG_WARN_DEPRECATED_OBJC_IMPLEMENTATIONS = YES;
				CLANG_WARN_DIRECT_OBJC_ISA_USAGE = YES_ERROR;
				CLANG_WARN_DOCUMENTATION_COMMENTS = YES;
				CLANG_WARN_EMPTY_BODY = YES;
				CLANG_WARN_ENUM_CONVERSION = YES;
				CLANG_WARN_INFINITE_RECURSION = YES;
				CLANG_WARN_INT_CONVERSION = YES;
				CLANG_WARN_NON_LITERAL_NULL_CONVERSION = YES;
				CLANG_WARN_OBJC_IMPLICIT_RETAIN_SELF = YES;
				CLANG_WARN_OBJC_LITERAL_CONVERSION = YES;
				CLANG_WARN_OBJC_ROOT_CLASS = YES_ERROR;
				CLANG_WARN_RANGE_LOOP_ANALYSIS = YES;
				CLANG_WARN_STRICT_PROTOTYPES = YES;
				CLANG_WARN_SUSPICIOUS_MOVE = YES;
				CLANG_WARN_UNGUARDED_AVAILABILITY = YES_AGGRESSIVE;
				CLANG_WARN_UNREACHABLE_CODE = YES;
				CLANG_WARN__DUPLICATE_METHOD_MATCH = YES;
				COPY_PHASE_STRIP = NO;
				DEBUG_INFORMATION_FORMAT = dwarf;
				ENABLE_STRICT_OBJC_MSGSEND = YES;
				ENABLE_TESTABILITY = YES;
				GCC_C_LANGUAGE_STANDARD = gnu11;
				GCC_DYNAMIC_NO_PIC = NO;
				GCC_NO_COMMON_BLOCKS = YES;
				GCC_OPTIMIZATION_LEVEL = 0;
				GCC_PREPROCESSOR_DEFINITIONS = (
					"DEBUG=1",
					"$(inherited)",
				);
				GCC_WARN_64_TO_32_BIT_CONVERSION = YES;
				GCC_WARN_ABOUT_RETURN_TYPE = YES_ERROR;
				GCC_WARN_UNDECLARED_SELECTOR = YES;
				GCC_WARN_UNINITIALIZED_AUTOS = YES_AGGRESSIVE;
				GCC_WARN_UNUSED_FUNCTION = YES;
				GCC_WARN_UNUSED_VARIABLE = YES;
				IPHONEOS_DEPLOYMENT_TARGET = 13.6;
				MTL_ENABLE_DEBUG_INFO = INCLUDE_SOURCE;
				MTL_FAST_MATH = YES;
				ONLY_ACTIVE_ARCH = YES;
				SDKROOT = iphoneos;
				SWIFT_ACTIVE_COMPILATION_CONDITIONS = DEBUG;
				SWIFT_OPTIMIZATION_LEVEL = "-Onone";
			};
			name = Debug;
		};
		69A80CF624C80CEF00EECF97 /* Release */ = {
			isa = XCBuildConfiguration;
			buildSettings = {
				ALWAYS_SEARCH_USER_PATHS = NO;
				CLANG_ANALYZER_NONNULL = YES;
				CLANG_ANALYZER_NUMBER_OBJECT_CONVERSION = YES_AGGRESSIVE;
				CLANG_CXX_LANGUAGE_STANDARD = "gnu++14";
				CLANG_CXX_LIBRARY = "libc++";
				CLANG_ENABLE_MODULES = YES;
				CLANG_ENABLE_OBJC_ARC = YES;
				CLANG_ENABLE_OBJC_WEAK = YES;
				CLANG_WARN_BLOCK_CAPTURE_AUTORELEASING = YES;
				CLANG_WARN_BOOL_CONVERSION = YES;
				CLANG_WARN_COMMA = YES;
				CLANG_WARN_CONSTANT_CONVERSION = YES;
				CLANG_WARN_DEPRECATED_OBJC_IMPLEMENTATIONS = YES;
				CLANG_WARN_DIRECT_OBJC_ISA_USAGE = YES_ERROR;
				CLANG_WARN_DOCUMENTATION_COMMENTS = YES;
				CLANG_WARN_EMPTY_BODY = YES;
				CLANG_WARN_ENUM_CONVERSION = YES;
				CLANG_WARN_INFINITE_RECURSION = YES;
				CLANG_WARN_INT_CONVERSION = YES;
				CLANG_WARN_NON_LITERAL_NULL_CONVERSION = YES;
				CLANG_WARN_OBJC_IMPLICIT_RETAIN_SELF = YES;
				CLANG_WARN_OBJC_LITERAL_CONVERSION = YES;
				CLANG_WARN_OBJC_ROOT_CLASS = YES_ERROR;
				CLANG_WARN_RANGE_LOOP_ANALYSIS = YES;
				CLANG_WARN_STRICT_PROTOTYPES = YES;
				CLANG_WARN_SUSPICIOUS_MOVE = YES;
				CLANG_WARN_UNGUARDED_AVAILABILITY = YES_AGGRESSIVE;
				CLANG_WARN_UNREACHABLE_CODE = YES;
				CLANG_WARN__DUPLICATE_METHOD_MATCH = YES;
				COPY_PHASE_STRIP = NO;
				DEBUG_INFORMATION_FORMAT = "dwarf-with-dsym";
				ENABLE_NS_ASSERTIONS = NO;
				ENABLE_STRICT_OBJC_MSGSEND = YES;
				GCC_C_LANGUAGE_STANDARD = gnu11;
				GCC_NO_COMMON_BLOCKS = YES;
				GCC_WARN_64_TO_32_BIT_CONVERSION = YES;
				GCC_WARN_ABOUT_RETURN_TYPE = YES_ERROR;
				GCC_WARN_UNDECLARED_SELECTOR = YES;
				GCC_WARN_UNINITIALIZED_AUTOS = YES_AGGRESSIVE;
				GCC_WARN_UNUSED_FUNCTION = YES;
				GCC_WARN_UNUSED_VARIABLE = YES;
				IPHONEOS_DEPLOYMENT_TARGET = 13.6;
				MTL_ENABLE_DEBUG_INFO = NO;
				MTL_FAST_MATH = YES;
				SDKROOT = iphoneos;
				SWIFT_COMPILATION_MODE = wholemodule;
				SWIFT_OPTIMIZATION_LEVEL = "-O";
				VALIDATE_PRODUCT = YES;
			};
			name = Release;
		};
		69A80CF824C80CEF00EECF97 /* Debug */ = {
			isa = XCBuildConfiguration;
			buildSettings = {
				ASSETCATALOG_COMPILER_APPICON_NAME = AppIcon;
				CODE_SIGN_STYLE = Automatic;
				INFOPLIST_FILE = tipper/Info.plist;
				LD_RUNPATH_SEARCH_PATHS = (
					"$(inherited)",
					"@executable_path/Frameworks",
				);
				PRODUCT_BUNDLE_IDENTIFIER = Codepath.tipper;
				PRODUCT_NAME = "$(TARGET_NAME)";
				SWIFT_VERSION = 5.0;
				TARGETED_DEVICE_FAMILY = "1,2";
			};
			name = Debug;
		};
		69A80CF924C80CEF00EECF97 /* Release */ = {
			isa = XCBuildConfiguration;
			buildSettings = {
				ASSETCATALOG_COMPILER_APPICON_NAME = AppIcon;
				CODE_SIGN_STYLE = Automatic;
				INFOPLIST_FILE = tipper/Info.plist;
				LD_RUNPATH_SEARCH_PATHS = (
					"$(inherited)",
					"@executable_path/Frameworks",
				);
				PRODUCT_BUNDLE_IDENTIFIER = Codepath.tipper;
				PRODUCT_NAME = "$(TARGET_NAME)";
				SWIFT_VERSION = 5.0;
				TARGETED_DEVICE_FAMILY = "1,2";
			};
			name = Release;
		};
		69A80CFB24C80CEF00EECF97 /* Debug */ = {
			isa = XCBuildConfiguration;
			buildSettings = {
				ALWAYS_EMBED_SWIFT_STANDARD_LIBRARIES = YES;
				BUNDLE_LOADER = "$(TEST_HOST)";
				CODE_SIGN_STYLE = Automatic;
				INFOPLIST_FILE = tipperTests/Info.plist;
				IPHONEOS_DEPLOYMENT_TARGET = 13.6;
				LD_RUNPATH_SEARCH_PATHS = (
					"$(inherited)",
					"@executable_path/Frameworks",
					"@loader_path/Frameworks",
				);
				PRODUCT_BUNDLE_IDENTIFIER = Codepath.tipperTests;
				PRODUCT_NAME = "$(TARGET_NAME)";
				SWIFT_VERSION = 5.0;
				TARGETED_DEVICE_FAMILY = "1,2";
				TEST_HOST = "$(BUILT_PRODUCTS_DIR)/tipper.app/tipper";
			};
			name = Debug;
		};
		69A80CFC24C80CEF00EECF97 /* Release */ = {
			isa = XCBuildConfiguration;
			buildSettings = {
				ALWAYS_EMBED_SWIFT_STANDARD_LIBRARIES = YES;
				BUNDLE_LOADER = "$(TEST_HOST)";
				CODE_SIGN_STYLE = Automatic;
				INFOPLIST_FILE = tipperTests/Info.plist;
				IPHONEOS_DEPLOYMENT_TARGET = 13.6;
				LD_RUNPATH_SEARCH_PATHS = (
					"$(inherited)",
					"@executable_path/Frameworks",
					"@loader_path/Frameworks",
				);
				PRODUCT_BUNDLE_IDENTIFIER = Codepath.tipperTests;
				PRODUCT_NAME = "$(TARGET_NAME)";
				SWIFT_VERSION = 5.0;
				TARGETED_DEVICE_FAMILY = "1,2";
				TEST_HOST = "$(BUILT_PRODUCTS_DIR)/tipper.app/tipper";
			};
			name = Release;
		};
		69A80CFE24C80CEF00EECF97 /* Debug */ = {
			isa = XCBuildConfiguration;
			buildSettings = {
				ALWAYS_EMBED_SWIFT_STANDARD_LIBRARIES = YES;
				CODE_SIGN_STYLE = Automatic;
				INFOPLIST_FILE = tipperUITests/Info.plist;
				LD_RUNPATH_SEARCH_PATHS = (
					"$(inherited)",
					"@executable_path/Frameworks",
					"@loader_path/Frameworks",
				);
				PRODUCT_BUNDLE_IDENTIFIER = Codepath.tipperUITests;
				PRODUCT_NAME = "$(TARGET_NAME)";
				SWIFT_VERSION = 5.0;
				TARGETED_DEVICE_FAMILY = "1,2";
				TEST_TARGET_NAME = tipper;
			};
			name = Debug;
		};
		69A80CFF24C80CEF00EECF97 /* Release */ = {
			isa = XCBuildConfiguration;
			buildSettings = {
				ALWAYS_EMBED_SWIFT_STANDARD_LIBRARIES = YES;
				CODE_SIGN_STYLE = Automatic;
				INFOPLIST_FILE = tipperUITests/Info.plist;
				LD_RUNPATH_SEARCH_PATHS = (
					"$(inherited)",
					"@executable_path/Frameworks",
					"@loader_path/Frameworks",
				);
				PRODUCT_BUNDLE_IDENTIFIER = Codepath.tipperUITests;
				PRODUCT_NAME = "$(TARGET_NAME)";
				SWIFT_VERSION = 5.0;
				TARGETED_DEVICE_FAMILY = "1,2";
				TEST_TARGET_NAME = tipper;
			};
			name = Release;
		};
/* End XCBuildConfiguration section */

/* Begin XCConfigurationList section */
		69A80CC824C80CEE00EECF97 /* Build configuration list for PBXProject "tipper" */ = {
			isa = XCConfigurationList;
			buildConfigurations = (
				69A80CF524C80CEF00EECF97 /* Debug */,
				69A80CF624C80CEF00EECF97 /* Release */,
			);
			defaultConfigurationIsVisible = 0;
			defaultConfigurationName = Release;
		};
		69A80CF724C80CEF00EECF97 /* Build configuration list for PBXNativeTarget "tipper" */ = {
			isa = XCConfigurationList;
			buildConfigurations = (
				69A80CF824C80CEF00EECF97 /* Debug */,
				69A80CF924C80CEF00EECF97 /* Release */,
			);
			defaultConfigurationIsVisible = 0;
			defaultConfigurationName = Release;
		};
		69A80CFA24C80CEF00EECF97 /* Build configuration list for PBXNativeTarget "tipperTests" */ = {
			isa = XCConfigurationList;
			buildConfigurations = (
				69A80CFB24C80CEF00EECF97 /* Debug */,
				69A80CFC24C80CEF00EECF97 /* Release */,
			);
			defaultConfigurationIsVisible = 0;
			defaultConfigurationName = Release;
		};
		69A80CFD24C80CEF00EECF97 /* Build configuration list for PBXNativeTarget "tipperUITests" */ = {
			isa = XCConfigurationList;
			buildConfigurations = (
				69A80CFE24C80CEF00EECF97 /* Debug */,
				69A80CFF24C80CEF00EECF97 /* Release */,
			);
			defaultConfigurationIsVisible = 0;
			defaultConfigurationName = Release;
		};
/* End XCConfigurationList section */
	};
	rootObject = 69A80CC524C80CEE00EECF97 /* Project object */;
}
